// !$*UTF8*$!
{
	archiveVersion = 1;
	classes = {
	};
	objectVersion = 50;
	objects = {

/* Begin PBXBuildFile section */
		C538D1C225E3A93D00A770E0 /* AppDelegate.swift in Sources */ = {isa = PBXBuildFile; fileRef = C538D1C125E3A93D00A770E0 /* AppDelegate.swift */; };
		C538D1C425E3A93D00A770E0 /* SceneDelegate.swift in Sources */ = {isa = PBXBuildFile; fileRef = C538D1C325E3A93D00A770E0 /* SceneDelegate.swift */; };
		C538D1C925E3A93D00A770E0 /* Main.storyboard in Resources */ = {isa = PBXBuildFile; fileRef = C538D1C725E3A93D00A770E0 /* Main.storyboard */; };
		C538D1CB25E3A94000A770E0 /* Assets.xcassets in Resources */ = {isa = PBXBuildFile; fileRef = C538D1CA25E3A94000A770E0 /* Assets.xcassets */; };
		C538D1CE25E3A94000A770E0 /* LaunchScreen.storyboard in Resources */ = {isa = PBXBuildFile; fileRef = C538D1CC25E3A94000A770E0 /* LaunchScreen.storyboard */; };
		C538D1E525E3D21300A770E0 /* EmailViewController.swift in Sources */ = {isa = PBXBuildFile; fileRef = C538D1E425E3D21300A770E0 /* EmailViewController.swift */; };
		C538D1EB25E525D300A770E0 /* PicturesViewController.swift in Sources */ = {isa = PBXBuildFile; fileRef = C538D1EA25E525D300A770E0 /* PicturesViewController.swift */; };
		C538D1EF25E531D400A770E0 /* PicturesCell.swift in Sources */ = {isa = PBXBuildFile; fileRef = C538D1EE25E531D400A770E0 /* PicturesCell.swift */; };
		C538D1F225E5323C00A770E0 /* PicturesCell.xib in Resources */ = {isa = PBXBuildFile; fileRef = C538D1F125E5323C00A770E0 /* PicturesCell.xib */; };
		C538D1F625E64A8000A770E0 /* imageData.swift in Sources */ = {isa = PBXBuildFile; fileRef = C538D1F525E64A7F00A770E0 /* imageData.swift */; };
		C538D23525E655CB00A770E0 /* CRjCvUBXmvg.jpg in Resources */ = {isa = PBXBuildFile; fileRef = C538D1F925E655CA00A770E0 /* CRjCvUBXmvg.jpg */; };
		C538D23625E655CB00A770E0 /* cMp84C0fPSg.jpg in Resources */ = {isa = PBXBuildFile; fileRef = C538D1FA25E655CA00A770E0 /* cMp84C0fPSg.jpg */; };
		C538D23725E655CB00A770E0 /* m3xQpHRPb6M.jpg in Resources */ = {isa = PBXBuildFile; fileRef = C538D1FB25E655CA00A770E0 /* m3xQpHRPb6M.jpg */; };
		C538D23825E655CB00A770E0 /* f9578y-Oh1k.jpg in Resources */ = {isa = PBXBuildFile; fileRef = C538D1FC25E655CA00A770E0 /* f9578y-Oh1k.jpg */; };
		C538D23925E655CB00A770E0 /* lm8TFPyXCBE.jpg in Resources */ = {isa = PBXBuildFile; fileRef = C538D1FD25E655CA00A770E0 /* lm8TFPyXCBE.jpg */; };
		C538D23A25E655CB00A770E0 /* RR-FwGB6PEU.jpg in Resources */ = {isa = PBXBuildFile; fileRef = C538D1FE25E655CA00A770E0 /* RR-FwGB6PEU.jpg */; };
		C538D23B25E655CB00A770E0 /* dJVU4jXV1Q8.jpg in Resources */ = {isa = PBXBuildFile; fileRef = C538D1FF25E655CA00A770E0 /* dJVU4jXV1Q8.jpg */; };
		C538D23C25E655CB00A770E0 /* gwF2mDy5lFQ.jpg in Resources */ = {isa = PBXBuildFile; fileRef = C538D20025E655CA00A770E0 /* gwF2mDy5lFQ.jpg */; };
		C538D23D25E655CB00A770E0 /* jnRnUNzbjM0.jpg in Resources */ = {isa = PBXBuildFile; fileRef = C538D20125E655CA00A770E0 /* jnRnUNzbjM0.jpg */; };
		C538D23E25E655CB00A770E0 /* MS7KD9Ti7FQ.jpg in Resources */ = {isa = PBXBuildFile; fileRef = C538D20225E655CA00A770E0 /* MS7KD9Ti7FQ.jpg */; };
		C538D23F25E655CB00A770E0 /* 8Ixs7iiNm00.jpg in Resources */ = {isa = PBXBuildFile; fileRef = C538D20325E655CA00A770E0 /* 8Ixs7iiNm00.jpg */; };
		C538D24025E655CB00A770E0 /* q_GGj9RnOVI.jpg in Resources */ = {isa = PBXBuildFile; fileRef = C538D20425E655CA00A770E0 /* q_GGj9RnOVI.jpg */; };
		C538D24125E655CB00A770E0 /* FQBCcNpKdFw.jpg in Resources */ = {isa = PBXBuildFile; fileRef = C538D20525E655CA00A770E0 /* FQBCcNpKdFw.jpg */; };
		C538D24225E655CB00A770E0 /* XWTNFVCTS8E.jpg in Resources */ = {isa = PBXBuildFile; fileRef = C538D20625E655CA00A770E0 /* XWTNFVCTS8E.jpg */; };
		C538D24325E655CB00A770E0 /* 9gz3wfHr65U.jpg in Resources */ = {isa = PBXBuildFile; fileRef = C538D20725E655CA00A770E0 /* 9gz3wfHr65U.jpg */; };
		C538D24425E655CB00A770E0 /* qjSyQqqzKMg.jpg in Resources */ = {isa = PBXBuildFile; fileRef = C538D20825E655CA00A770E0 /* qjSyQqqzKMg.jpg */; };
		C538D24525E655CB00A770E0 /* S5H9hN20dYI.jpg in Resources */ = {isa = PBXBuildFile; fileRef = C538D20925E655CA00A770E0 /* S5H9hN20dYI.jpg */; };
		C538D24625E655CB00A770E0 /* VfqFumqaLpQ.jpg in Resources */ = {isa = PBXBuildFile; fileRef = C538D20A25E655CA00A770E0 /* VfqFumqaLpQ.jpg */; };
		C538D24725E655CB00A770E0 /* FZAyQs9V2XI.jpg in Resources */ = {isa = PBXBuildFile; fileRef = C538D20B25E655CA00A770E0 /* FZAyQs9V2XI.jpg */; };
		C538D24825E655CB00A770E0 /* hcAEZQcwrH4.jpg in Resources */ = {isa = PBXBuildFile; fileRef = C538D20C25E655CA00A770E0 /* hcAEZQcwrH4.jpg */; };
		C538D24925E655CB00A770E0 /* bBHT2sePOnY.jpg in Resources */ = {isa = PBXBuildFile; fileRef = C538D20D25E655CA00A770E0 /* bBHT2sePOnY.jpg */; };
		C538D24A25E655CB00A770E0 /* VgMUzJ3gX2o.jpg in Resources */ = {isa = PBXBuildFile; fileRef = C538D20E25E655CA00A770E0 /* VgMUzJ3gX2o.jpg */; };
		C538D24B25E655CB00A770E0 /* 4k-U1Wp2d00.jpg in Resources */ = {isa = PBXBuildFile; fileRef = C538D20F25E655CA00A770E0 /* 4k-U1Wp2d00.jpg */; };
		C538D24C25E655CB00A770E0 /* sp-p7uuT0tw.jpg in Resources */ = {isa = PBXBuildFile; fileRef = C538D21025E655CA00A770E0 /* sp-p7uuT0tw.jpg */; };
		C538D24D25E655CB00A770E0 /* NUMlxTPsznM.jpg in Resources */ = {isa = PBXBuildFile; fileRef = C538D21125E655CA00A770E0 /* NUMlxTPsznM.jpg */; };
		C538D24E25E655CB00A770E0 /* aX8JLb16lDc.jpg in Resources */ = {isa = PBXBuildFile; fileRef = C538D21225E655CA00A770E0 /* aX8JLb16lDc.jpg */; };
		C538D24F25E655CB00A770E0 /* mTCRxTseKRw.jpg in Resources */ = {isa = PBXBuildFile; fileRef = C538D21325E655CA00A770E0 /* mTCRxTseKRw.jpg */; };
		C538D25025E655CB00A770E0 /* -swv0CTs0xc.jpg in Resources */ = {isa = PBXBuildFile; fileRef = C538D21425E655CA00A770E0 /* -swv0CTs0xc.jpg */; };
		C538D25125E655CB00A770E0 /* X5ty2Pfj4Rw.jpg in Resources */ = {isa = PBXBuildFile; fileRef = C538D21525E655CA00A770E0 /* X5ty2Pfj4Rw.jpg */; };
		C538D25225E655CB00A770E0 /* 2BtYO-pHwyI.jpg in Resources */ = {isa = PBXBuildFile; fileRef = C538D21625E655CA00A770E0 /* 2BtYO-pHwyI.jpg */; };
		C538D25325E655CB00A770E0 /* hsAUHYxJGDA.jpg in Resources */ = {isa = PBXBuildFile; fileRef = C538D21725E655CA00A770E0 /* hsAUHYxJGDA.jpg */; };
		C538D25425E655CB00A770E0 /* jMQDhPVAp_I.jpg in Resources */ = {isa = PBXBuildFile; fileRef = C538D21825E655CA00A770E0 /* jMQDhPVAp_I.jpg */; };
		C538D25525E655CB00A770E0 /* RtcIjrnQ65s.jpg in Resources */ = {isa = PBXBuildFile; fileRef = C538D21925E655CA00A770E0 /* RtcIjrnQ65s.jpg */; };
		C538D25625E655CB00A770E0 /* S7fRAd0oTPI.jpg in Resources */ = {isa = PBXBuildFile; fileRef = C538D21A25E655CA00A770E0 /* S7fRAd0oTPI.jpg */; };
		C538D25725E655CB00A770E0 /* y41WzGJV4mU.jpg in Resources */ = {isa = PBXBuildFile; fileRef = C538D21B25E655CA00A770E0 /* y41WzGJV4mU.jpg */; };
		C538D25825E655CB00A770E0 /* nKC772R_qog.jpg in Resources */ = {isa = PBXBuildFile; fileRef = C538D21C25E655CA00A770E0 /* nKC772R_qog.jpg */; };
		C538D25925E655CB00A770E0 /* xbVTW7sykVw.jpg in Resources */ = {isa = PBXBuildFile; fileRef = C538D21D25E655CA00A770E0 /* xbVTW7sykVw.jpg */; };
		C538D25A25E655CB00A770E0 /* -Go4DH2pZbc.jpg in Resources */ = {isa = PBXBuildFile; fileRef = C538D21E25E655CA00A770E0 /* -Go4DH2pZbc.jpg */; };
		C538D25B25E655CB00A770E0 /* eQTHhpTkBTY.jpg in Resources */ = {isa = PBXBuildFile; fileRef = C538D21F25E655CA00A770E0 /* eQTHhpTkBTY.jpg */; };
		C538D25C25E655CB00A770E0 /* zZzKLzKP24o.jpg in Resources */ = {isa = PBXBuildFile; fileRef = C538D22025E655CA00A770E0 /* zZzKLzKP24o.jpg */; };
		C538D25D25E655CB00A770E0 /* kqB7IDljjMI.jpg in Resources */ = {isa = PBXBuildFile; fileRef = C538D22125E655CA00A770E0 /* kqB7IDljjMI.jpg */; };
		C538D25E25E655CB00A770E0 /* mTfV_GqzeJo.jpg in Resources */ = {isa = PBXBuildFile; fileRef = C538D22225E655CA00A770E0 /* mTfV_GqzeJo.jpg */; };
		C538D25F25E655CB00A770E0 /* Dba4vyX3aY0.jpg in Resources */ = {isa = PBXBuildFile; fileRef = C538D22325E655CA00A770E0 /* Dba4vyX3aY0.jpg */; };
		C538D26025E655CB00A770E0 /* xO5tGY1NgCU.jpg in Resources */ = {isa = PBXBuildFile; fileRef = C538D22425E655CA00A770E0 /* xO5tGY1NgCU.jpg */; };
		C538D26125E655CB00A770E0 /* -HwiJedzqPw.jpg in Resources */ = {isa = PBXBuildFile; fileRef = C538D22525E655CB00A770E0 /* -HwiJedzqPw.jpg */; };
		C538D26225E655CB00A770E0 /* iJ9o00UeAWk.jpg in Resources */ = {isa = PBXBuildFile; fileRef = C538D22625E655CB00A770E0 /* iJ9o00UeAWk.jpg */; };
		C538D26325E655CB00A770E0 /* PUY5xUszd3Y.jpg in Resources */ = {isa = PBXBuildFile; fileRef = C538D22725E655CB00A770E0 /* PUY5xUszd3Y.jpg */; };
		C538D26425E655CB00A770E0 /* s95DnBWUe-8.jpg in Resources */ = {isa = PBXBuildFile; fileRef = C538D22825E655CB00A770E0 /* s95DnBWUe-8.jpg */; };
		C538D26525E655CB00A770E0 /* Pj7yh_GKc7I.jpg in Resources */ = {isa = PBXBuildFile; fileRef = C538D22925E655CB00A770E0 /* Pj7yh_GKc7I.jpg */; };
		C538D26625E655CB00A770E0 /* u3h94-naVHU.jpg in Resources */ = {isa = PBXBuildFile; fileRef = C538D22A25E655CB00A770E0 /* u3h94-naVHU.jpg */; };
		C538D26725E655CB00A770E0 /* cssvEZacHvQ.jpg in Resources */ = {isa = PBXBuildFile; fileRef = C538D22B25E655CB00A770E0 /* cssvEZacHvQ.jpg */; };
		C538D26825E655CB00A770E0 /* Id1DBHv4fbg.jpg in Resources */ = {isa = PBXBuildFile; fileRef = C538D22C25E655CB00A770E0 /* Id1DBHv4fbg.jpg */; };
		C538D26925E655CB00A770E0 /* xzjouTJASSA.jpg in Resources */ = {isa = PBXBuildFile; fileRef = C538D22D25E655CB00A770E0 /* xzjouTJASSA.jpg */; };
		C538D26A25E655CB00A770E0 /* kKAaCeGf5wY.jpg in Resources */ = {isa = PBXBuildFile; fileRef = C538D22E25E655CB00A770E0 /* kKAaCeGf5wY.jpg */; };
		C538D26B25E655CB00A770E0 /* gLAR8V6H_SU.jpg in Resources */ = {isa = PBXBuildFile; fileRef = C538D22F25E655CB00A770E0 /* gLAR8V6H_SU.jpg */; };
		C538D26C25E655CB00A770E0 /* 4wdvIAzkFgk.jpg in Resources */ = {isa = PBXBuildFile; fileRef = C538D23025E655CB00A770E0 /* 4wdvIAzkFgk.jpg */; };
		C538D26D25E655CB00A770E0 /* CRTYASwDw80.jpg in Resources */ = {isa = PBXBuildFile; fileRef = C538D23125E655CB00A770E0 /* CRTYASwDw80.jpg */; };
		C538D26E25E655CB00A770E0 /* VpFhcbrFbFo.jpg in Resources */ = {isa = PBXBuildFile; fileRef = C538D23225E655CB00A770E0 /* VpFhcbrFbFo.jpg */; };
		C538D26F25E655CB00A770E0 /* hiAdjnXZxl8.jpg in Resources */ = {isa = PBXBuildFile; fileRef = C538D23325E655CB00A770E0 /* hiAdjnXZxl8.jpg */; };
		C538D27025E655CB00A770E0 /* dqMxDqdhg_4.jpg in Resources */ = {isa = PBXBuildFile; fileRef = C538D23425E655CB00A770E0 /* dqMxDqdhg_4.jpg */; };
		C538D27325E6758300A770E0 /* PicturesViewModel.swift in Sources */ = {isa = PBXBuildFile; fileRef = C538D27225E6758300A770E0 /* PicturesViewModel.swift */; };
		C538D27625E6790300A770E0 /* PicturesFullScreenViewController.swift in Sources */ = {isa = PBXBuildFile; fileRef = C538D27525E6790300A770E0 /* PicturesFullScreenViewController.swift */; };
/* End PBXBuildFile section */

/* Begin PBXFileReference section */
		C538D1BE25E3A93D00A770E0 /* Bamboo Photos.app */ = {isa = PBXFileReference; explicitFileType = wrapper.application; includeInIndex = 0; path = "Bamboo Photos.app"; sourceTree = BUILT_PRODUCTS_DIR; };
		C538D1C125E3A93D00A770E0 /* AppDelegate.swift */ = {isa = PBXFileReference; lastKnownFileType = sourcecode.swift; path = AppDelegate.swift; sourceTree = "<group>"; };
		C538D1C325E3A93D00A770E0 /* SceneDelegate.swift */ = {isa = PBXFileReference; lastKnownFileType = sourcecode.swift; path = SceneDelegate.swift; sourceTree = "<group>"; };
		C538D1C825E3A93D00A770E0 /* Base */ = {isa = PBXFileReference; lastKnownFileType = file.storyboard; name = Base; path = Base.lproj/Main.storyboard; sourceTree = "<group>"; };
		C538D1CA25E3A94000A770E0 /* Assets.xcassets */ = {isa = PBXFileReference; lastKnownFileType = folder.assetcatalog; path = Assets.xcassets; sourceTree = "<group>"; };
		C538D1CD25E3A94000A770E0 /* Base */ = {isa = PBXFileReference; lastKnownFileType = file.storyboard; name = Base; path = Base.lproj/LaunchScreen.storyboard; sourceTree = "<group>"; };
		C538D1CF25E3A94000A770E0 /* Info.plist */ = {isa = PBXFileReference; lastKnownFileType = text.plist.xml; path = Info.plist; sourceTree = "<group>"; };
		C538D1E425E3D21300A770E0 /* EmailViewController.swift */ = {isa = PBXFileReference; lastKnownFileType = sourcecode.swift; path = EmailViewController.swift; sourceTree = "<group>"; };
		C538D1EA25E525D300A770E0 /* PicturesViewController.swift */ = {isa = PBXFileReference; lastKnownFileType = sourcecode.swift; path = PicturesViewController.swift; sourceTree = "<group>"; };
		C538D1EE25E531D400A770E0 /* PicturesCell.swift */ = {isa = PBXFileReference; lastKnownFileType = sourcecode.swift; path = PicturesCell.swift; sourceTree = "<group>"; };
		C538D1F125E5323C00A770E0 /* PicturesCell.xib */ = {isa = PBXFileReference; lastKnownFileType = file.xib; path = PicturesCell.xib; sourceTree = "<group>"; };
		C538D1F525E64A7F00A770E0 /* imageData.swift */ = {isa = PBXFileReference; lastKnownFileType = sourcecode.swift; path = imageData.swift; sourceTree = "<group>"; };
		C538D1F925E655CA00A770E0 /* CRjCvUBXmvg.jpg */ = {isa = PBXFileReference; lastKnownFileType = image.jpeg; path = CRjCvUBXmvg.jpg; sourceTree = "<group>"; };
		C538D1FA25E655CA00A770E0 /* cMp84C0fPSg.jpg */ = {isa = PBXFileReference; lastKnownFileType = image.jpeg; path = cMp84C0fPSg.jpg; sourceTree = "<group>"; };
		C538D1FB25E655CA00A770E0 /* m3xQpHRPb6M.jpg */ = {isa = PBXFileReference; lastKnownFileType = image.jpeg; path = m3xQpHRPb6M.jpg; sourceTree = "<group>"; };
		C538D1FC25E655CA00A770E0 /* f9578y-Oh1k.jpg */ = {isa = PBXFileReference; lastKnownFileType = image.jpeg; path = "f9578y-Oh1k.jpg"; sourceTree = "<group>"; };
		C538D1FD25E655CA00A770E0 /* lm8TFPyXCBE.jpg */ = {isa = PBXFileReference; lastKnownFileType = image.jpeg; path = lm8TFPyXCBE.jpg; sourceTree = "<group>"; };
		C538D1FE25E655CA00A770E0 /* RR-FwGB6PEU.jpg */ = {isa = PBXFileReference; lastKnownFileType = image.jpeg; path = "RR-FwGB6PEU.jpg"; sourceTree = "<group>"; };
		C538D1FF25E655CA00A770E0 /* dJVU4jXV1Q8.jpg */ = {isa = PBXFileReference; lastKnownFileType = image.jpeg; path = dJVU4jXV1Q8.jpg; sourceTree = "<group>"; };
		C538D20025E655CA00A770E0 /* gwF2mDy5lFQ.jpg */ = {isa = PBXFileReference; lastKnownFileType = image.jpeg; path = gwF2mDy5lFQ.jpg; sourceTree = "<group>"; };
		C538D20125E655CA00A770E0 /* jnRnUNzbjM0.jpg */ = {isa = PBXFileReference; lastKnownFileType = image.jpeg; path = jnRnUNzbjM0.jpg; sourceTree = "<group>"; };
		C538D20225E655CA00A770E0 /* MS7KD9Ti7FQ.jpg */ = {isa = PBXFileReference; lastKnownFileType = image.jpeg; path = MS7KD9Ti7FQ.jpg; sourceTree = "<group>"; };
		C538D20325E655CA00A770E0 /* 8Ixs7iiNm00.jpg */ = {isa = PBXFileReference; lastKnownFileType = image.jpeg; path = 8Ixs7iiNm00.jpg; sourceTree = "<group>"; };
		C538D20425E655CA00A770E0 /* q_GGj9RnOVI.jpg */ = {isa = PBXFileReference; lastKnownFileType = image.jpeg; path = q_GGj9RnOVI.jpg; sourceTree = "<group>"; };
		C538D20525E655CA00A770E0 /* FQBCcNpKdFw.jpg */ = {isa = PBXFileReference; lastKnownFileType = image.jpeg; path = FQBCcNpKdFw.jpg; sourceTree = "<group>"; };
		C538D20625E655CA00A770E0 /* XWTNFVCTS8E.jpg */ = {isa = PBXFileReference; lastKnownFileType = image.jpeg; path = XWTNFVCTS8E.jpg; sourceTree = "<group>"; };
		C538D20725E655CA00A770E0 /* 9gz3wfHr65U.jpg */ = {isa = PBXFileReference; lastKnownFileType = image.jpeg; path = 9gz3wfHr65U.jpg; sourceTree = "<group>"; };
		C538D20825E655CA00A770E0 /* qjSyQqqzKMg.jpg */ = {isa = PBXFileReference; lastKnownFileType = image.jpeg; path = qjSyQqqzKMg.jpg; sourceTree = "<group>"; };
		C538D20925E655CA00A770E0 /* S5H9hN20dYI.jpg */ = {isa = PBXFileReference; lastKnownFileType = image.jpeg; path = S5H9hN20dYI.jpg; sourceTree = "<group>"; };
		C538D20A25E655CA00A770E0 /* VfqFumqaLpQ.jpg */ = {isa = PBXFileReference; lastKnownFileType = image.jpeg; path = VfqFumqaLpQ.jpg; sourceTree = "<group>"; };
		C538D20B25E655CA00A770E0 /* FZAyQs9V2XI.jpg */ = {isa = PBXFileReference; lastKnownFileType = image.jpeg; path = FZAyQs9V2XI.jpg; sourceTree = "<group>"; };
		C538D20C25E655CA00A770E0 /* hcAEZQcwrH4.jpg */ = {isa = PBXFileReference; lastKnownFileType = image.jpeg; path = hcAEZQcwrH4.jpg; sourceTree = "<group>"; };
		C538D20D25E655CA00A770E0 /* bBHT2sePOnY.jpg */ = {isa = PBXFileReference; lastKnownFileType = image.jpeg; path = bBHT2sePOnY.jpg; sourceTree = "<group>"; };
		C538D20E25E655CA00A770E0 /* VgMUzJ3gX2o.jpg */ = {isa = PBXFileReference; lastKnownFileType = image.jpeg; path = VgMUzJ3gX2o.jpg; sourceTree = "<group>"; };
		C538D20F25E655CA00A770E0 /* 4k-U1Wp2d00.jpg */ = {isa = PBXFileReference; lastKnownFileType = image.jpeg; path = "4k-U1Wp2d00.jpg"; sourceTree = "<group>"; };
		C538D21025E655CA00A770E0 /* sp-p7uuT0tw.jpg */ = {isa = PBXFileReference; lastKnownFileType = image.jpeg; path = "sp-p7uuT0tw.jpg"; sourceTree = "<group>"; };
		C538D21125E655CA00A770E0 /* NUMlxTPsznM.jpg */ = {isa = PBXFileReference; lastKnownFileType = image.jpeg; path = NUMlxTPsznM.jpg; sourceTree = "<group>"; };
		C538D21225E655CA00A770E0 /* aX8JLb16lDc.jpg */ = {isa = PBXFileReference; lastKnownFileType = image.jpeg; path = aX8JLb16lDc.jpg; sourceTree = "<group>"; };
		C538D21325E655CA00A770E0 /* mTCRxTseKRw.jpg */ = {isa = PBXFileReference; lastKnownFileType = image.jpeg; path = mTCRxTseKRw.jpg; sourceTree = "<group>"; };
		C538D21425E655CA00A770E0 /* -swv0CTs0xc.jpg */ = {isa = PBXFileReference; lastKnownFileType = image.jpeg; path = "-swv0CTs0xc.jpg"; sourceTree = "<group>"; };
		C538D21525E655CA00A770E0 /* X5ty2Pfj4Rw.jpg */ = {isa = PBXFileReference; lastKnownFileType = image.jpeg; path = X5ty2Pfj4Rw.jpg; sourceTree = "<group>"; };
		C538D21625E655CA00A770E0 /* 2BtYO-pHwyI.jpg */ = {isa = PBXFileReference; lastKnownFileType = image.jpeg; path = "2BtYO-pHwyI.jpg"; sourceTree = "<group>"; };
		C538D21725E655CA00A770E0 /* hsAUHYxJGDA.jpg */ = {isa = PBXFileReference; lastKnownFileType = image.jpeg; path = hsAUHYxJGDA.jpg; sourceTree = "<group>"; };
		C538D21825E655CA00A770E0 /* jMQDhPVAp_I.jpg */ = {isa = PBXFileReference; lastKnownFileType = image.jpeg; path = jMQDhPVAp_I.jpg; sourceTree = "<group>"; };
		C538D21925E655CA00A770E0 /* RtcIjrnQ65s.jpg */ = {isa = PBXFileReference; lastKnownFileType = image.jpeg; path = RtcIjrnQ65s.jpg; sourceTree = "<group>"; };
		C538D21A25E655CA00A770E0 /* S7fRAd0oTPI.jpg */ = {isa = PBXFileReference; lastKnownFileType = image.jpeg; path = S7fRAd0oTPI.jpg; sourceTree = "<group>"; };
		C538D21B25E655CA00A770E0 /* y41WzGJV4mU.jpg */ = {isa = PBXFileReference; lastKnownFileType = image.jpeg; path = y41WzGJV4mU.jpg; sourceTree = "<group>"; };
		C538D21C25E655CA00A770E0 /* nKC772R_qog.jpg */ = {isa = PBXFileReference; lastKnownFileType = image.jpeg; path = nKC772R_qog.jpg; sourceTree = "<group>"; };
		C538D21D25E655CA00A770E0 /* xbVTW7sykVw.jpg */ = {isa = PBXFileReference; lastKnownFileType = image.jpeg; path = xbVTW7sykVw.jpg; sourceTree = "<group>"; };
		C538D21E25E655CA00A770E0 /* -Go4DH2pZbc.jpg */ = {isa = PBXFileReference; lastKnownFileType = image.jpeg; path = "-Go4DH2pZbc.jpg"; sourceTree = "<group>"; };
		C538D21F25E655CA00A770E0 /* eQTHhpTkBTY.jpg */ = {isa = PBXFileReference; lastKnownFileType = image.jpeg; path = eQTHhpTkBTY.jpg; sourceTree = "<group>"; };
		C538D22025E655CA00A770E0 /* zZzKLzKP24o.jpg */ = {isa = PBXFileReference; lastKnownFileType = image.jpeg; path = zZzKLzKP24o.jpg; sourceTree = "<group>"; };
		C538D22125E655CA00A770E0 /* kqB7IDljjMI.jpg */ = {isa = PBXFileReference; lastKnownFileType = image.jpeg; path = kqB7IDljjMI.jpg; sourceTree = "<group>"; };
		C538D22225E655CA00A770E0 /* mTfV_GqzeJo.jpg */ = {isa = PBXFileReference; lastKnownFileType = image.jpeg; path = mTfV_GqzeJo.jpg; sourceTree = "<group>"; };
		C538D22325E655CA00A770E0 /* Dba4vyX3aY0.jpg */ = {isa = PBXFileReference; lastKnownFileType = image.jpeg; path = Dba4vyX3aY0.jpg; sourceTree = "<group>"; };
		C538D22425E655CA00A770E0 /* xO5tGY1NgCU.jpg */ = {isa = PBXFileReference; lastKnownFileType = image.jpeg; path = xO5tGY1NgCU.jpg; sourceTree = "<group>"; };
		C538D22525E655CB00A770E0 /* -HwiJedzqPw.jpg */ = {isa = PBXFileReference; lastKnownFileType = image.jpeg; path = "-HwiJedzqPw.jpg"; sourceTree = "<group>"; };
		C538D22625E655CB00A770E0 /* iJ9o00UeAWk.jpg */ = {isa = PBXFileReference; lastKnownFileType = image.jpeg; path = iJ9o00UeAWk.jpg; sourceTree = "<group>"; };
		C538D22725E655CB00A770E0 /* PUY5xUszd3Y.jpg */ = {isa = PBXFileReference; lastKnownFileType = image.jpeg; path = PUY5xUszd3Y.jpg; sourceTree = "<group>"; };
		C538D22825E655CB00A770E0 /* s95DnBWUe-8.jpg */ = {isa = PBXFileReference; lastKnownFileType = image.jpeg; path = "s95DnBWUe-8.jpg"; sourceTree = "<group>"; };
		C538D22925E655CB00A770E0 /* Pj7yh_GKc7I.jpg */ = {isa = PBXFileReference; lastKnownFileType = image.jpeg; path = Pj7yh_GKc7I.jpg; sourceTree = "<group>"; };
		C538D22A25E655CB00A770E0 /* u3h94-naVHU.jpg */ = {isa = PBXFileReference; lastKnownFileType = image.jpeg; path = "u3h94-naVHU.jpg"; sourceTree = "<group>"; };
		C538D22B25E655CB00A770E0 /* cssvEZacHvQ.jpg */ = {isa = PBXFileReference; lastKnownFileType = image.jpeg; path = cssvEZacHvQ.jpg; sourceTree = "<group>"; };
		C538D22C25E655CB00A770E0 /* Id1DBHv4fbg.jpg */ = {isa = PBXFileReference; lastKnownFileType = image.jpeg; path = Id1DBHv4fbg.jpg; sourceTree = "<group>"; };
		C538D22D25E655CB00A770E0 /* xzjouTJASSA.jpg */ = {isa = PBXFileReference; lastKnownFileType = image.jpeg; path = xzjouTJASSA.jpg; sourceTree = "<group>"; };
		C538D22E25E655CB00A770E0 /* kKAaCeGf5wY.jpg */ = {isa = PBXFileReference; lastKnownFileType = image.jpeg; path = kKAaCeGf5wY.jpg; sourceTree = "<group>"; };
		C538D22F25E655CB00A770E0 /* gLAR8V6H_SU.jpg */ = {isa = PBXFileReference; lastKnownFileType = image.jpeg; path = gLAR8V6H_SU.jpg; sourceTree = "<group>"; };
		C538D23025E655CB00A770E0 /* 4wdvIAzkFgk.jpg */ = {isa = PBXFileReference; lastKnownFileType = image.jpeg; path = 4wdvIAzkFgk.jpg; sourceTree = "<group>"; };
		C538D23125E655CB00A770E0 /* CRTYASwDw80.jpg */ = {isa = PBXFileReference; lastKnownFileType = image.jpeg; path = CRTYASwDw80.jpg; sourceTree = "<group>"; };
		C538D23225E655CB00A770E0 /* VpFhcbrFbFo.jpg */ = {isa = PBXFileReference; lastKnownFileType = image.jpeg; path = VpFhcbrFbFo.jpg; sourceTree = "<group>"; };
		C538D23325E655CB00A770E0 /* hiAdjnXZxl8.jpg */ = {isa = PBXFileReference; lastKnownFileType = image.jpeg; path = hiAdjnXZxl8.jpg; sourceTree = "<group>"; };
		C538D23425E655CB00A770E0 /* dqMxDqdhg_4.jpg */ = {isa = PBXFileReference; lastKnownFileType = image.jpeg; path = dqMxDqdhg_4.jpg; sourceTree = "<group>"; };
		C538D27225E6758300A770E0 /* PicturesViewModel.swift */ = {isa = PBXFileReference; lastKnownFileType = sourcecode.swift; path = PicturesViewModel.swift; sourceTree = "<group>"; };
		C538D27525E6790300A770E0 /* PicturesFullScreenViewController.swift */ = {isa = PBXFileReference; lastKnownFileType = sourcecode.swift; path = PicturesFullScreenViewController.swift; sourceTree = "<group>"; };
/* End PBXFileReference section */

/* Begin PBXFrameworksBuildPhase section */
		C538D1BB25E3A93D00A770E0 /* Frameworks */ = {
			isa = PBXFrameworksBuildPhase;
			buildActionMask = 2147483647;
			files = (
			);
			runOnlyForDeploymentPostprocessing = 0;
		};
/* End PBXFrameworksBuildPhase section */

/* Begin PBXGroup section */
		C538D1B525E3A93D00A770E0 = {
			isa = PBXGroup;
			children = (
				C538D1C025E3A93D00A770E0 /* Bamboo Photos */,
				C538D1BF25E3A93D00A770E0 /* Products */,
			);
			sourceTree = "<group>";
		};
		C538D1BF25E3A93D00A770E0 /* Products */ = {
			isa = PBXGroup;
			children = (
				C538D1BE25E3A93D00A770E0 /* Bamboo Photos.app */,
			);
			name = Products;
			sourceTree = "<group>";
		};
		C538D1C025E3A93D00A770E0 /* Bamboo Photos */ = {
			isa = PBXGroup;
			children = (
				C538D1D625E3AD2000A770E0 /* Pictures */,
				C538D1C125E3A93D00A770E0 /* AppDelegate.swift */,
				C538D1C325E3A93D00A770E0 /* SceneDelegate.swift */,
				C538D1C725E3A93D00A770E0 /* Main.storyboard */,
				C538D1CA25E3A94000A770E0 /* Assets.xcassets */,
				C538D1CC25E3A94000A770E0 /* LaunchScreen.storyboard */,
				C538D1CF25E3A94000A770E0 /* Info.plist */,
			);
			path = "Bamboo Photos";
			sourceTree = "<group>";
		};
		C538D1D625E3AD2000A770E0 /* Pictures */ = {
			isa = PBXGroup;
			children = (
				C538D1D725E3AD3000A770E0 /* Recursos */,
				C538D1D925E3AD5200A770E0 /* Funcionalitats */,
			);
			path = Pictures;
			sourceTree = "<group>";
		};
		C538D1D725E3AD3000A770E0 /* Recursos */ = {
			isa = PBXGroup;
			children = (
				C538D1F825E655CA00A770E0 /* images */,
			);
			path = Recursos;
			sourceTree = "<group>";
		};
		C538D1D925E3AD5200A770E0 /* Funcionalitats */ = {
			isa = PBXGroup;
			children = (
				C538D1F425E64A2D00A770E0 /* Common */,
				C538D1E925E525A100A770E0 /* picturesCollection */,
				C538D1DB25E3AE2100A770E0 /* Email */,
			);
			path = Funcionalitats;
			sourceTree = "<group>";
		};
		C538D1DB25E3AE2100A770E0 /* Email */ = {
			isa = PBXGroup;
			children = (
				C538D1E425E3D21300A770E0 /* EmailViewController.swift */,
			);
			path = Email;
			sourceTree = "<group>";
		};
		C538D1E925E525A100A770E0 /* picturesCollection */ = {
			isa = PBXGroup;
			children = (
				C538D1EA25E525D300A770E0 /* PicturesViewController.swift */,
				C538D1EE25E531D400A770E0 /* PicturesCell.swift */,
				C538D1F125E5323C00A770E0 /* PicturesCell.xib */,
				C538D27225E6758300A770E0 /* PicturesViewModel.swift */,
				C538D27525E6790300A770E0 /* PicturesFullScreenViewController.swift */,
			);
			path = picturesCollection;
			sourceTree = "<group>";
		};
		C538D1F425E64A2D00A770E0 /* Common */ = {
			isa = PBXGroup;
			children = (
				C538D1F525E64A7F00A770E0 /* imageData.swift */,
			);
			path = Common;
			sourceTree = "<group>";
		};
		C538D1F825E655CA00A770E0 /* images */ = {
			isa = PBXGroup;
			children = (
				C538D1F925E655CA00A770E0 /* CRjCvUBXmvg.jpg */,
				C538D1FA25E655CA00A770E0 /* cMp84C0fPSg.jpg */,
				C538D1FB25E655CA00A770E0 /* m3xQpHRPb6M.jpg */,
				C538D1FC25E655CA00A770E0 /* f9578y-Oh1k.jpg */,
				C538D1FD25E655CA00A770E0 /* lm8TFPyXCBE.jpg */,
				C538D1FE25E655CA00A770E0 /* RR-FwGB6PEU.jpg */,
				C538D1FF25E655CA00A770E0 /* dJVU4jXV1Q8.jpg */,
				C538D20025E655CA00A770E0 /* gwF2mDy5lFQ.jpg */,
				C538D20125E655CA00A770E0 /* jnRnUNzbjM0.jpg */,
				C538D20225E655CA00A770E0 /* MS7KD9Ti7FQ.jpg */,
				C538D20325E655CA00A770E0 /* 8Ixs7iiNm00.jpg */,
				C538D20425E655CA00A770E0 /* q_GGj9RnOVI.jpg */,
				C538D20525E655CA00A770E0 /* FQBCcNpKdFw.jpg */,
				C538D20625E655CA00A770E0 /* XWTNFVCTS8E.jpg */,
				C538D20725E655CA00A770E0 /* 9gz3wfHr65U.jpg */,
				C538D20825E655CA00A770E0 /* qjSyQqqzKMg.jpg */,
				C538D20925E655CA00A770E0 /* S5H9hN20dYI.jpg */,
				C538D20A25E655CA00A770E0 /* VfqFumqaLpQ.jpg */,
				C538D20B25E655CA00A770E0 /* FZAyQs9V2XI.jpg */,
				C538D20C25E655CA00A770E0 /* hcAEZQcwrH4.jpg */,
				C538D20D25E655CA00A770E0 /* bBHT2sePOnY.jpg */,
				C538D20E25E655CA00A770E0 /* VgMUzJ3gX2o.jpg */,
				C538D20F25E655CA00A770E0 /* 4k-U1Wp2d00.jpg */,
				C538D21025E655CA00A770E0 /* sp-p7uuT0tw.jpg */,
				C538D21125E655CA00A770E0 /* NUMlxTPsznM.jpg */,
				C538D21225E655CA00A770E0 /* aX8JLb16lDc.jpg */,
				C538D21325E655CA00A770E0 /* mTCRxTseKRw.jpg */,
				C538D21425E655CA00A770E0 /* -swv0CTs0xc.jpg */,
				C538D21525E655CA00A770E0 /* X5ty2Pfj4Rw.jpg */,
				C538D21625E655CA00A770E0 /* 2BtYO-pHwyI.jpg */,
				C538D21725E655CA00A770E0 /* hsAUHYxJGDA.jpg */,
				C538D21825E655CA00A770E0 /* jMQDhPVAp_I.jpg */,
				C538D21925E655CA00A770E0 /* RtcIjrnQ65s.jpg */,
				C538D21A25E655CA00A770E0 /* S7fRAd0oTPI.jpg */,
				C538D21B25E655CA00A770E0 /* y41WzGJV4mU.jpg */,
				C538D21C25E655CA00A770E0 /* nKC772R_qog.jpg */,
				C538D21D25E655CA00A770E0 /* xbVTW7sykVw.jpg */,
				C538D21E25E655CA00A770E0 /* -Go4DH2pZbc.jpg */,
				C538D21F25E655CA00A770E0 /* eQTHhpTkBTY.jpg */,
				C538D22025E655CA00A770E0 /* zZzKLzKP24o.jpg */,
				C538D22125E655CA00A770E0 /* kqB7IDljjMI.jpg */,
				C538D22225E655CA00A770E0 /* mTfV_GqzeJo.jpg */,
				C538D22325E655CA00A770E0 /* Dba4vyX3aY0.jpg */,
				C538D22425E655CA00A770E0 /* xO5tGY1NgCU.jpg */,
				C538D22525E655CB00A770E0 /* -HwiJedzqPw.jpg */,
				C538D22625E655CB00A770E0 /* iJ9o00UeAWk.jpg */,
				C538D22725E655CB00A770E0 /* PUY5xUszd3Y.jpg */,
				C538D22825E655CB00A770E0 /* s95DnBWUe-8.jpg */,
				C538D22925E655CB00A770E0 /* Pj7yh_GKc7I.jpg */,
				C538D22A25E655CB00A770E0 /* u3h94-naVHU.jpg */,
				C538D22B25E655CB00A770E0 /* cssvEZacHvQ.jpg */,
				C538D22C25E655CB00A770E0 /* Id1DBHv4fbg.jpg */,
				C538D22D25E655CB00A770E0 /* xzjouTJASSA.jpg */,
				C538D22E25E655CB00A770E0 /* kKAaCeGf5wY.jpg */,
				C538D22F25E655CB00A770E0 /* gLAR8V6H_SU.jpg */,
				C538D23025E655CB00A770E0 /* 4wdvIAzkFgk.jpg */,
				C538D23125E655CB00A770E0 /* CRTYASwDw80.jpg */,
				C538D23225E655CB00A770E0 /* VpFhcbrFbFo.jpg */,
				C538D23325E655CB00A770E0 /* hiAdjnXZxl8.jpg */,
				C538D23425E655CB00A770E0 /* dqMxDqdhg_4.jpg */,
			);
			path = images;
			sourceTree = "<group>";
		};
/* End PBXGroup section */

/* Begin PBXNativeTarget section */
		C538D1BD25E3A93D00A770E0 /* Bamboo Photos */ = {
			isa = PBXNativeTarget;
			buildConfigurationList = C538D1D225E3A94000A770E0 /* Build configuration list for PBXNativeTarget "Bamboo Photos" */;
			buildPhases = (
				C538D1BA25E3A93D00A770E0 /* Sources */,
				C538D1BB25E3A93D00A770E0 /* Frameworks */,
				C538D1BC25E3A93D00A770E0 /* Resources */,
			);
			buildRules = (
			);
			dependencies = (
			);
			name = "Bamboo Photos";
			productName = "Bamboo Photos";
			productReference = C538D1BE25E3A93D00A770E0 /* Bamboo Photos.app */;
			productType = "com.apple.product-type.application";
		};
/* End PBXNativeTarget section */

/* Begin PBXProject section */
		C538D1B625E3A93D00A770E0 /* Project object */ = {
			isa = PBXProject;
			attributes = {
				LastSwiftUpdateCheck = 1240;
				LastUpgradeCheck = 1240;
				TargetAttributes = {
					C538D1BD25E3A93D00A770E0 = {
						CreatedOnToolsVersion = 12.4;
					};
				};
			};
			buildConfigurationList = C538D1B925E3A93D00A770E0 /* Build configuration list for PBXProject "Bamboo Photos" */;
			compatibilityVersion = "Xcode 9.3";
			developmentRegion = en;
			hasScannedForEncodings = 0;
			knownRegions = (
				en,
				Base,
			);
			mainGroup = C538D1B525E3A93D00A770E0;
			productRefGroup = C538D1BF25E3A93D00A770E0 /* Products */;
			projectDirPath = "";
			projectRoot = "";
			targets = (
				C538D1BD25E3A93D00A770E0 /* Bamboo Photos */,
			);
		};
/* End PBXProject section */

/* Begin PBXResourcesBuildPhase section */
		C538D1BC25E3A93D00A770E0 /* Resources */ = {
			isa = PBXResourcesBuildPhase;
			buildActionMask = 2147483647;
			files = (
				C538D25E25E655CB00A770E0 /* mTfV_GqzeJo.jpg in Resources */,
				C538D25725E655CB00A770E0 /* y41WzGJV4mU.jpg in Resources */,
				C538D26325E655CB00A770E0 /* PUY5xUszd3Y.jpg in Resources */,
				C538D23E25E655CB00A770E0 /* MS7KD9Ti7FQ.jpg in Resources */,
				C538D1F225E5323C00A770E0 /* PicturesCell.xib in Resources */,
				C538D26F25E655CB00A770E0 /* hiAdjnXZxl8.jpg in Resources */,
				C538D24225E655CB00A770E0 /* XWTNFVCTS8E.jpg in Resources */,
				C538D25A25E655CB00A770E0 /* -Go4DH2pZbc.jpg in Resources */,
				C538D24E25E655CB00A770E0 /* aX8JLb16lDc.jpg in Resources */,
				C538D23625E655CB00A770E0 /* cMp84C0fPSg.jpg in Resources */,
				C538D25425E655CB00A770E0 /* jMQDhPVAp_I.jpg in Resources */,
				C538D26C25E655CB00A770E0 /* 4wdvIAzkFgk.jpg in Resources */,
				C538D26A25E655CB00A770E0 /* kKAaCeGf5wY.jpg in Resources */,
				C538D23F25E655CB00A770E0 /* 8Ixs7iiNm00.jpg in Resources */,
				C538D24425E655CB00A770E0 /* qjSyQqqzKMg.jpg in Resources */,
				C538D24C25E655CB00A770E0 /* sp-p7uuT0tw.jpg in Resources */,
				C538D26025E655CB00A770E0 /* xO5tGY1NgCU.jpg in Resources */,
				C538D25125E655CB00A770E0 /* X5ty2Pfj4Rw.jpg in Resources */,
				C538D26125E655CB00A770E0 /* -HwiJedzqPw.jpg in Resources */,
				C538D27025E655CB00A770E0 /* dqMxDqdhg_4.jpg in Resources */,
				C538D26E25E655CB00A770E0 /* VpFhcbrFbFo.jpg in Resources */,
				C538D24D25E655CB00A770E0 /* NUMlxTPsznM.jpg in Resources */,
				C538D25C25E655CB00A770E0 /* zZzKLzKP24o.jpg in Resources */,
				C538D25F25E655CB00A770E0 /* Dba4vyX3aY0.jpg in Resources */,
				C538D24525E655CB00A770E0 /* S5H9hN20dYI.jpg in Resources */,
				C538D24B25E655CB00A770E0 /* 4k-U1Wp2d00.jpg in Resources */,
				C538D23825E655CB00A770E0 /* f9578y-Oh1k.jpg in Resources */,
				C538D23525E655CB00A770E0 /* CRjCvUBXmvg.jpg in Resources */,
				C538D24125E655CB00A770E0 /* FQBCcNpKdFw.jpg in Resources */,
				C538D1CE25E3A94000A770E0 /* LaunchScreen.storyboard in Resources */,
				C538D26D25E655CB00A770E0 /* CRTYASwDw80.jpg in Resources */,
				C538D25825E655CB00A770E0 /* nKC772R_qog.jpg in Resources */,
				C538D26625E655CB00A770E0 /* u3h94-naVHU.jpg in Resources */,
				C538D25D25E655CB00A770E0 /* kqB7IDljjMI.jpg in Resources */,
				C538D25625E655CB00A770E0 /* S7fRAd0oTPI.jpg in Resources */,
				C538D23925E655CB00A770E0 /* lm8TFPyXCBE.jpg in Resources */,
				C538D25925E655CB00A770E0 /* xbVTW7sykVw.jpg in Resources */,
				C538D25025E655CB00A770E0 /* -swv0CTs0xc.jpg in Resources */,
				C538D1CB25E3A94000A770E0 /* Assets.xcassets in Resources */,
				C538D24325E655CB00A770E0 /* 9gz3wfHr65U.jpg in Resources */,
				C538D23B25E655CB00A770E0 /* dJVU4jXV1Q8.jpg in Resources */,
				C538D24F25E655CB00A770E0 /* mTCRxTseKRw.jpg in Resources */,
				C538D26225E655CB00A770E0 /* iJ9o00UeAWk.jpg in Resources */,
				C538D23D25E655CB00A770E0 /* jnRnUNzbjM0.jpg in Resources */,
				C538D26925E655CB00A770E0 /* xzjouTJASSA.jpg in Resources */,
				C538D26725E655CB00A770E0 /* cssvEZacHvQ.jpg in Resources */,
				C538D24A25E655CB00A770E0 /* VgMUzJ3gX2o.jpg in Resources */,
				C538D23725E655CB00A770E0 /* m3xQpHRPb6M.jpg in Resources */,
				C538D1C925E3A93D00A770E0 /* Main.storyboard in Resources */,
				C538D24825E655CB00A770E0 /* hcAEZQcwrH4.jpg in Resources */,
				C538D24925E655CB00A770E0 /* bBHT2sePOnY.jpg in Resources */,
				C538D24025E655CB00A770E0 /* q_GGj9RnOVI.jpg in Resources */,
				C538D26525E655CB00A770E0 /* Pj7yh_GKc7I.jpg in Resources */,
				C538D23C25E655CB00A770E0 /* gwF2mDy5lFQ.jpg in Resources */,
				C538D24625E655CB00A770E0 /* VfqFumqaLpQ.jpg in Resources */,
				C538D26B25E655CB00A770E0 /* gLAR8V6H_SU.jpg in Resources */,
				C538D26425E655CB00A770E0 /* s95DnBWUe-8.jpg in Resources */,
				C538D25525E655CB00A770E0 /* RtcIjrnQ65s.jpg in Resources */,
				C538D24725E655CB00A770E0 /* FZAyQs9V2XI.jpg in Resources */,
				C538D26825E655CB00A770E0 /* Id1DBHv4fbg.jpg in Resources */,
				C538D25225E655CB00A770E0 /* 2BtYO-pHwyI.jpg in Resources */,
				C538D25325E655CB00A770E0 /* hsAUHYxJGDA.jpg in Resources */,
				C538D25B25E655CB00A770E0 /* eQTHhpTkBTY.jpg in Resources */,
				C538D23A25E655CB00A770E0 /* RR-FwGB6PEU.jpg in Resources */,
			);
			runOnlyForDeploymentPostprocessing = 0;
		};
/* End PBXResourcesBuildPhase section */

/* Begin PBXSourcesBuildPhase section */
		C538D1BA25E3A93D00A770E0 /* Sources */ = {
			isa = PBXSourcesBuildPhase;
			buildActionMask = 2147483647;
			files = (
				C538D1C225E3A93D00A770E0 /* AppDelegate.swift in Sources */,
				C538D1EB25E525D300A770E0 /* PicturesViewController.swift in Sources */,
				C538D27625E6790300A770E0 /* PicturesFullScreenViewController.swift in Sources */,
				C538D1E525E3D21300A770E0 /* EmailViewController.swift in Sources */,
				C538D1F625E64A8000A770E0 /* imageData.swift in Sources */,
				C538D1EF25E531D400A770E0 /* PicturesCell.swift in Sources */,
				C538D1C425E3A93D00A770E0 /* SceneDelegate.swift in Sources */,
				C538D27325E6758300A770E0 /* PicturesViewModel.swift in Sources */,
			);
			runOnlyForDeploymentPostprocessing = 0;
		};
/* End PBXSourcesBuildPhase section */

/* Begin PBXVariantGroup section */
		C538D1C725E3A93D00A770E0 /* Main.storyboard */ = {
			isa = PBXVariantGroup;
			children = (
				C538D1C825E3A93D00A770E0 /* Base */,
			);
			name = Main.storyboard;
			sourceTree = "<group>";
		};
		C538D1CC25E3A94000A770E0 /* LaunchScreen.storyboard */ = {
			isa = PBXVariantGroup;
			children = (
				C538D1CD25E3A94000A770E0 /* Base */,
			);
			name = LaunchScreen.storyboard;
			sourceTree = "<group>";
		};
/* End PBXVariantGroup section */

/* Begin XCBuildConfiguration section */
		C538D1D025E3A94000A770E0 /* Debug */ = {
			isa = XCBuildConfiguration;
			buildSettings = {
				ALWAYS_SEARCH_USER_PATHS = NO;
				CLANG_ANALYZER_NONNULL = YES;
				CLANG_ANALYZER_NUMBER_OBJECT_CONVERSION = YES_AGGRESSIVE;
				CLANG_CXX_LANGUAGE_STANDARD = "gnu++14";
				CLANG_CXX_LIBRARY = "libc++";
				CLANG_ENABLE_MODULES = YES;
				CLANG_ENABLE_OBJC_ARC = YES;
				CLANG_ENABLE_OBJC_WEAK = YES;
				CLANG_WARN_BLOCK_CAPTURE_AUTORELEASING = YES;
				CLANG_WARN_BOOL_CONVERSION = YES;
				CLANG_WARN_COMMA = YES;
				CLANG_WARN_CONSTANT_CONVERSION = YES;
				CLANG_WARN_DEPRECATED_OBJC_IMPLEMENTATIONS = YES;
				CLANG_WARN_DIRECT_OBJC_ISA_USAGE = YES_ERROR;
				CLANG_WARN_DOCUMENTATION_COMMENTS = YES;
				CLANG_WARN_EMPTY_BODY = YES;
				CLANG_WARN_ENUM_CONVERSION = YES;
				CLANG_WARN_INFINITE_RECURSION = YES;
				CLANG_WARN_INT_CONVERSION = YES;
				CLANG_WARN_NON_LITERAL_NULL_CONVERSION = YES;
				CLANG_WARN_OBJC_IMPLICIT_RETAIN_SELF = YES;
				CLANG_WARN_OBJC_LITERAL_CONVERSION = YES;
				CLANG_WARN_OBJC_ROOT_CLASS = YES_ERROR;
				CLANG_WARN_QUOTED_INCLUDE_IN_FRAMEWORK_HEADER = YES;
				CLANG_WARN_RANGE_LOOP_ANALYSIS = YES;
				CLANG_WARN_STRICT_PROTOTYPES = YES;
				CLANG_WARN_SUSPICIOUS_MOVE = YES;
				CLANG_WARN_UNGUARDED_AVAILABILITY = YES_AGGRESSIVE;
				CLANG_WARN_UNREACHABLE_CODE = YES;
				CLANG_WARN__DUPLICATE_METHOD_MATCH = YES;
				COPY_PHASE_STRIP = NO;
				DEBUG_INFORMATION_FORMAT = dwarf;
				ENABLE_STRICT_OBJC_MSGSEND = YES;
				ENABLE_TESTABILITY = YES;
				GCC_C_LANGUAGE_STANDARD = gnu11;
				GCC_DYNAMIC_NO_PIC = NO;
				GCC_NO_COMMON_BLOCKS = YES;
				GCC_OPTIMIZATION_LEVEL = 0;
				GCC_PREPROCESSOR_DEFINITIONS = (
					"DEBUG=1",
					"$(inherited)",
				);
				GCC_WARN_64_TO_32_BIT_CONVERSION = YES;
				GCC_WARN_ABOUT_RETURN_TYPE = YES_ERROR;
				GCC_WARN_UNDECLARED_SELECTOR = YES;
				GCC_WARN_UNINITIALIZED_AUTOS = YES_AGGRESSIVE;
				GCC_WARN_UNUSED_FUNCTION = YES;
				GCC_WARN_UNUSED_VARIABLE = YES;
				IPHONEOS_DEPLOYMENT_TARGET = 14.4;
				MTL_ENABLE_DEBUG_INFO = INCLUDE_SOURCE;
				MTL_FAST_MATH = YES;
				ONLY_ACTIVE_ARCH = YES;
				SDKROOT = iphoneos;
				SWIFT_ACTIVE_COMPILATION_CONDITIONS = DEBUG;
				SWIFT_OPTIMIZATION_LEVEL = "-Onone";
			};
			name = Debug;
		};
		C538D1D125E3A94000A770E0 /* Release */ = {
			isa = XCBuildConfiguration;
			buildSettings = {
				ALWAYS_SEARCH_USER_PATHS = NO;
				CLANG_ANALYZER_NONNULL = YES;
				CLANG_ANALYZER_NUMBER_OBJECT_CONVERSION = YES_AGGRESSIVE;
				CLANG_CXX_LANGUAGE_STANDARD = "gnu++14";
				CLANG_CXX_LIBRARY = "libc++";
				CLANG_ENABLE_MODULES = YES;
				CLANG_ENABLE_OBJC_ARC = YES;
				CLANG_ENABLE_OBJC_WEAK = YES;
				CLANG_WARN_BLOCK_CAPTURE_AUTORELEASING = YES;
				CLANG_WARN_BOOL_CONVERSION = YES;
				CLANG_WARN_COMMA = YES;
				CLANG_WARN_CONSTANT_CONVERSION = YES;
				CLANG_WARN_DEPRECATED_OBJC_IMPLEMENTATIONS = YES;
				CLANG_WARN_DIRECT_OBJC_ISA_USAGE = YES_ERROR;
				CLANG_WARN_DOCUMENTATION_COMMENTS = YES;
				CLANG_WARN_EMPTY_BODY = YES;
				CLANG_WARN_ENUM_CONVERSION = YES;
				CLANG_WARN_INFINITE_RECURSION = YES;
				CLANG_WARN_INT_CONVERSION = YES;
				CLANG_WARN_NON_LITERAL_NULL_CONVERSION = YES;
				CLANG_WARN_OBJC_IMPLICIT_RETAIN_SELF = YES;
				CLANG_WARN_OBJC_LITERAL_CONVERSION = YES;
				CLANG_WARN_OBJC_ROOT_CLASS = YES_ERROR;
				CLANG_WARN_QUOTED_INCLUDE_IN_FRAMEWORK_HEADER = YES;
				CLANG_WARN_RANGE_LOOP_ANALYSIS = YES;
				CLANG_WARN_STRICT_PROTOTYPES = YES;
				CLANG_WARN_SUSPICIOUS_MOVE = YES;
				CLANG_WARN_UNGUARDED_AVAILABILITY = YES_AGGRESSIVE;
				CLANG_WARN_UNREACHABLE_CODE = YES;
				CLANG_WARN__DUPLICATE_METHOD_MATCH = YES;
				COPY_PHASE_STRIP = NO;
				DEBUG_INFORMATION_FORMAT = "dwarf-with-dsym";
				ENABLE_NS_ASSERTIONS = NO;
				ENABLE_STRICT_OBJC_MSGSEND = YES;
				GCC_C_LANGUAGE_STANDARD = gnu11;
				GCC_NO_COMMON_BLOCKS = YES;
				GCC_WARN_64_TO_32_BIT_CONVERSION = YES;
				GCC_WARN_ABOUT_RETURN_TYPE = YES_ERROR;
				GCC_WARN_UNDECLARED_SELECTOR = YES;
				GCC_WARN_UNINITIALIZED_AUTOS = YES_AGGRESSIVE;
				GCC_WARN_UNUSED_FUNCTION = YES;
				GCC_WARN_UNUSED_VARIABLE = YES;
				IPHONEOS_DEPLOYMENT_TARGET = 14.4;
				MTL_ENABLE_DEBUG_INFO = NO;
				MTL_FAST_MATH = YES;
				SDKROOT = iphoneos;
				SWIFT_COMPILATION_MODE = wholemodule;
				SWIFT_OPTIMIZATION_LEVEL = "-O";
				VALIDATE_PRODUCT = YES;
			};
			name = Release;
		};
		C538D1D325E3A94000A770E0 /* Debug */ = {
			isa = XCBuildConfiguration;
			buildSettings = {
				ASSETCATALOG_COMPILER_APPICON_NAME = AppIcon;
				ASSETCATALOG_COMPILER_GLOBAL_ACCENT_COLOR_NAME = AccentColor;
				CODE_SIGN_STYLE = Automatic;
				DEVELOPMENT_TEAM = 26XLV8UY3L;
				INFOPLIST_FILE = "Bamboo Photos/Info.plist";
				LD_RUNPATH_SEARCH_PATHS = (
					"$(inherited)",
					"@executable_path/Frameworks",
				);
				PRODUCT_BUNDLE_IDENTIFIER = "com.example.Bamboo-Photos";
				PRODUCT_NAME = "$(TARGET_NAME)";
				SWIFT_VERSION = 5.0;
				TARGETED_DEVICE_FAMILY = "1,2";
			};
			name = Debug;
		};
		C538D1D425E3A94000A770E0 /* Release */ = {
			isa = XCBuildConfiguration;
			buildSettings = {
				ASSETCATALOG_COMPILER_APPICON_NAME = AppIcon;
				ASSETCATALOG_COMPILER_GLOBAL_ACCENT_COLOR_NAME = AccentColor;
				CODE_SIGN_STYLE = Automatic;
				DEVELOPMENT_TEAM = 26XLV8UY3L;
				INFOPLIST_FILE = "Bamboo Photos/Info.plist";
				LD_RUNPATH_SEARCH_PATHS = (
					"$(inherited)",
					"@executable_path/Frameworks",
				);
				PRODUCT_BUNDLE_IDENTIFIER = "com.example.Bamboo-Photos";
				PRODUCT_NAME = "$(TARGET_NAME)";
				SWIFT_VERSION = 5.0;
				TARGETED_DEVICE_FAMILY = "1,2";
			};
			name = Release;
		};
/* End XCBuildConfiguration section */

/* Begin XCConfigurationList section */
		C538D1B925E3A93D00A770E0 /* Build configuration list for PBXProject "Bamboo Photos" */ = {
			isa = XCConfigurationList;
			buildConfigurations = (
				C538D1D025E3A94000A770E0 /* Debug */,
				C538D1D125E3A94000A770E0 /* Release */,
			);
			defaultConfigurationIsVisible = 0;
			defaultConfigurationName = Release;
		};
		C538D1D225E3A94000A770E0 /* Build configuration list for PBXNativeTarget "Bamboo Photos" */ = {
			isa = XCConfigurationList;
			buildConfigurations = (
				C538D1D325E3A94000A770E0 /* Debug */,
				C538D1D425E3A94000A770E0 /* Release */,
			);
			defaultConfigurationIsVisible = 0;
			defaultConfigurationName = Release;
		};
/* End XCConfigurationList section */
	};
	rootObject = C538D1B625E3A93D00A770E0 /* Project object */;
}
